// !$*UTF8*$!
{
	archiveVersion = 1;
	classes = {
	};
	objectVersion = 46;
	objects = {

/* Begin PBXBuildFile section */
		A4BFFC0615F5D17C00EA5B00 /* UIKit.framework in Frameworks */ = {isa = PBXBuildFile; fileRef = A4BFFC0515F5D17C00EA5B00 /* UIKit.framework */; };
		A4BFFC0815F5D17C00EA5B00 /* Foundation.framework in Frameworks */ = {isa = PBXBuildFile; fileRef = A4BFFC0715F5D17C00EA5B00 /* Foundation.framework */; };
		A4BFFC0A15F5D17C00EA5B00 /* CoreGraphics.framework in Frameworks */ = {isa = PBXBuildFile; fileRef = A4BFFC0915F5D17C00EA5B00 /* CoreGraphics.framework */; };
		A4BFFC1015F5D17C00EA5B00 /* InfoPlist.strings in Resources */ = {isa = PBXBuildFile; fileRef = A4BFFC0E15F5D17C00EA5B00 /* InfoPlist.strings */; };
		A4BFFC1215F5D17C00EA5B00 /* main.m in Sources */ = {isa = PBXBuildFile; fileRef = A4BFFC1115F5D17C00EA5B00 /* main.m */; };
		A4BFFC1615F5D17C00EA5B00 /* AppDelegate.m in Sources */ = {isa = PBXBuildFile; fileRef = A4BFFC1515F5D17C00EA5B00 /* AppDelegate.m */; };
		A4BFFC2C15F5D41B00EA5B00 /* UImage+Resources.m in Sources */ = {isa = PBXBuildFile; fileRef = A4BFFC2B15F5D41B00EA5B00 /* UImage+Resources.m */; };
		A4BFFC3715F5D53D00EA5B00 /* ico_contacts.png in Resources */ = {isa = PBXBuildFile; fileRef = A4BFFC2D15F5D53D00EA5B00 /* ico_contacts.png */; };
		A4BFFC3815F5D53D00EA5B00 /* ico_contacts@2x.png in Resources */ = {isa = PBXBuildFile; fileRef = A4BFFC2E15F5D53D00EA5B00 /* ico_contacts@2x.png */; };
		A4BFFC3915F5D53D00EA5B00 /* ico_favorites.png in Resources */ = {isa = PBXBuildFile; fileRef = A4BFFC2F15F5D53D00EA5B00 /* ico_favorites.png */; };
		A4BFFC3A15F5D53D00EA5B00 /* ico_favorites@2x.png in Resources */ = {isa = PBXBuildFile; fileRef = A4BFFC3015F5D53D00EA5B00 /* ico_favorites@2x.png */; };
		A4BFFC3B15F5D53D00EA5B00 /* ico_home.png in Resources */ = {isa = PBXBuildFile; fileRef = A4BFFC3115F5D53D00EA5B00 /* ico_home.png */; };
		A4BFFC3C15F5D53D00EA5B00 /* ico_home@2x.png in Resources */ = {isa = PBXBuildFile; fileRef = A4BFFC3215F5D53D00EA5B00 /* ico_home@2x.png */; };
		A4BFFC3D15F5D53D00EA5B00 /* ico_inventory.png in Resources */ = {isa = PBXBuildFile; fileRef = A4BFFC3315F5D53D00EA5B00 /* ico_inventory.png */; };
		A4BFFC3E15F5D53D00EA5B00 /* ico_inventory@2x.png in Resources */ = {isa = PBXBuildFile; fileRef = A4BFFC3415F5D53D00EA5B00 /* ico_inventory@2x.png */; };
		A4BFFC3F15F5D53D00EA5B00 /* ico_notes.png in Resources */ = {isa = PBXBuildFile; fileRef = A4BFFC3515F5D53D00EA5B00 /* ico_notes.png */; };
		A4BFFC4015F5D53D00EA5B00 /* ico_notes@2x.png in Resources */ = {isa = PBXBuildFile; fileRef = A4BFFC3615F5D53D00EA5B00 /* ico_notes@2x.png */; };
		A4BFFC4315F5D5A700EA5B00 /* UIImage+ResoucesTemplate.m in Sources */ = {isa = PBXBuildFile; fileRef = A4BFFC4215F5D5A700EA5B00 /* UIImage+ResoucesTemplate.m */; };
/* End PBXBuildFile section */

/* Begin PBXFileReference section */
		A4BFFC0115F5D17C00EA5B00 /* UImageCategory(Resources)Shell.app */ = {isa = PBXFileReference; explicitFileType = wrapper.application; includeInIndex = 0; path = "UImageCategory(Resources)Shell.app"; sourceTree = BUILT_PRODUCTS_DIR; };
		A4BFFC0515F5D17C00EA5B00 /* UIKit.framework */ = {isa = PBXFileReference; lastKnownFileType = wrapper.framework; name = UIKit.framework; path = System/Library/Frameworks/UIKit.framework; sourceTree = SDKROOT; };
		A4BFFC0715F5D17C00EA5B00 /* Foundation.framework */ = {isa = PBXFileReference; lastKnownFileType = wrapper.framework; name = Foundation.framework; path = System/Library/Frameworks/Foundation.framework; sourceTree = SDKROOT; };
		A4BFFC0915F5D17C00EA5B00 /* CoreGraphics.framework */ = {isa = PBXFileReference; lastKnownFileType = wrapper.framework; name = CoreGraphics.framework; path = System/Library/Frameworks/CoreGraphics.framework; sourceTree = SDKROOT; };
		A4BFFC0D15F5D17C00EA5B00 /* UImageCategory(Resources)Shell-Info.plist */ = {isa = PBXFileReference; lastKnownFileType = text.plist.xml; path = "UImageCategory(Resources)Shell-Info.plist"; sourceTree = "<group>"; };
		A4BFFC0F15F5D17C00EA5B00 /* en */ = {isa = PBXFileReference; lastKnownFileType = text.plist.strings; name = en; path = en.lproj/InfoPlist.strings; sourceTree = "<group>"; };
		A4BFFC1115F5D17C00EA5B00 /* main.m */ = {isa = PBXFileReference; lastKnownFileType = sourcecode.c.objc; path = main.m; sourceTree = "<group>"; };
		A4BFFC1315F5D17C00EA5B00 /* UImageCategory(Resources)Shell-Prefix.pch */ = {isa = PBXFileReference; lastKnownFileType = sourcecode.c.h; path = "UImageCategory(Resources)Shell-Prefix.pch"; sourceTree = "<group>"; };
		A4BFFC1415F5D17C00EA5B00 /* AppDelegate.h */ = {isa = PBXFileReference; lastKnownFileType = sourcecode.c.h; path = AppDelegate.h; sourceTree = "<group>"; };
		A4BFFC1515F5D17C00EA5B00 /* AppDelegate.m */ = {isa = PBXFileReference; lastKnownFileType = sourcecode.c.objc; path = AppDelegate.m; sourceTree = "<group>"; };
		A4BFFC2A15F5D41B00EA5B00 /* UImage+Resources.h */ = {isa = PBXFileReference; fileEncoding = 4; lastKnownFileType = sourcecode.c.h; path = "UImage+Resources.h"; sourceTree = "<group>"; };
		A4BFFC2B15F5D41B00EA5B00 /* UImage+Resources.m */ = {isa = PBXFileReference; fileEncoding = 4; lastKnownFileType = sourcecode.c.objc; path = "UImage+Resources.m"; sourceTree = "<group>"; };
		A4BFFC2D15F5D53D00EA5B00 /* ico_contacts.png */ = {isa = PBXFileReference; lastKnownFileType = image.png; path = ico_contacts.png; sourceTree = "<group>"; };
		A4BFFC2E15F5D53D00EA5B00 /* ico_contacts@2x.png */ = {isa = PBXFileReference; lastKnownFileType = image.png; path = "ico_contacts@2x.png"; sourceTree = "<group>"; };
		A4BFFC2F15F5D53D00EA5B00 /* ico_favorites.png */ = {isa = PBXFileReference; lastKnownFileType = image.png; path = ico_favorites.png; sourceTree = "<group>"; };
		A4BFFC3015F5D53D00EA5B00 /* ico_favorites@2x.png */ = {isa = PBXFileReference; lastKnownFileType = image.png; path = "ico_favorites@2x.png"; sourceTree = "<group>"; };
		A4BFFC3115F5D53D00EA5B00 /* ico_home.png */ = {isa = PBXFileReference; lastKnownFileType = image.png; path = ico_home.png; sourceTree = "<group>"; };
		A4BFFC3215F5D53D00EA5B00 /* ico_home@2x.png */ = {isa = PBXFileReference; lastKnownFileType = image.png; path = "ico_home@2x.png"; sourceTree = "<group>"; };
		A4BFFC3315F5D53D00EA5B00 /* ico_inventory.png */ = {isa = PBXFileReference; lastKnownFileType = image.png; path = ico_inventory.png; sourceTree = "<group>"; };
		A4BFFC3415F5D53D00EA5B00 /* ico_inventory@2x.png */ = {isa = PBXFileReference; lastKnownFileType = image.png; path = "ico_inventory@2x.png"; sourceTree = "<group>"; };
		A4BFFC3515F5D53D00EA5B00 /* ico_notes.png */ = {isa = PBXFileReference; lastKnownFileType = image.png; path = ico_notes.png; sourceTree = "<group>"; };
		A4BFFC3615F5D53D00EA5B00 /* ico_notes@2x.png */ = {isa = PBXFileReference; lastKnownFileType = image.png; path = "ico_notes@2x.png"; sourceTree = "<group>"; };
		A4BFFC4115F5D5A700EA5B00 /* UIImage+ResoucesTemplate.h */ = {isa = PBXFileReference; fileEncoding = 4; lastKnownFileType = sourcecode.c.h; path = "UIImage+ResoucesTemplate.h"; sourceTree = "<group>"; };
		A4BFFC4215F5D5A700EA5B00 /* UIImage+ResoucesTemplate.m */ = {isa = PBXFileReference; fileEncoding = 4; lastKnownFileType = sourcecode.c.objc; path = "UIImage+ResoucesTemplate.m"; sourceTree = "<group>"; };
/* End PBXFileReference section */

/* Begin PBXFrameworksBuildPhase section */
		A4BFFBFE15F5D17C00EA5B00 /* Frameworks */ = {
			isa = PBXFrameworksBuildPhase;
			buildActionMask = 2147483647;
			files = (
				A4BFFC0615F5D17C00EA5B00 /* UIKit.framework in Frameworks */,
				A4BFFC0815F5D17C00EA5B00 /* Foundation.framework in Frameworks */,
				A4BFFC0A15F5D17C00EA5B00 /* CoreGraphics.framework in Frameworks */,
			);
			runOnlyForDeploymentPostprocessing = 0;
		};
/* End PBXFrameworksBuildPhase section */

/* Begin PBXGroup section */
		A4BFFBF615F5D17C00EA5B00 = {
			isa = PBXGroup;
			children = (
				A4BFFC2515F5D2DB00EA5B00 /* Classes */,
				A4BFFC2815F5D2DB00EA5B00 /* Resources */,
				A4BFFC0B15F5D17C00EA5B00 /* UImageCategory(Resources)Shell */,
				A4BFFC0415F5D17C00EA5B00 /* Frameworks */,
				A4BFFC0215F5D17C00EA5B00 /* Products */,
			);
			sourceTree = "<group>";
		};
		A4BFFC0215F5D17C00EA5B00 /* Products */ = {
			isa = PBXGroup;
			children = (
				A4BFFC0115F5D17C00EA5B00 /* UImageCategory(Resources)Shell.app */,
			);
			name = Products;
			sourceTree = "<group>";
		};
		A4BFFC0415F5D17C00EA5B00 /* Frameworks */ = {
			isa = PBXGroup;
			children = (
				A4BFFC0515F5D17C00EA5B00 /* UIKit.framework */,
				A4BFFC0715F5D17C00EA5B00 /* Foundation.framework */,
				A4BFFC0915F5D17C00EA5B00 /* CoreGraphics.framework */,
			);
			name = Frameworks;
			sourceTree = "<group>";
		};
		A4BFFC0B15F5D17C00EA5B00 /* UImageCategory(Resources)Shell */ = {
			isa = PBXGroup;
			children = (
				A4BFFC1415F5D17C00EA5B00 /* AppDelegate.h */,
				A4BFFC1515F5D17C00EA5B00 /* AppDelegate.m */,
				A4BFFC0C15F5D17C00EA5B00 /* Supporting Files */,
			);
			path = "UImageCategory(Resources)Shell";
			sourceTree = "<group>";
		};
		A4BFFC0C15F5D17C00EA5B00 /* Supporting Files */ = {
			isa = PBXGroup;
			children = (
				A4BFFC0D15F5D17C00EA5B00 /* UImageCategory(Resources)Shell-Info.plist */,
				A4BFFC0E15F5D17C00EA5B00 /* InfoPlist.strings */,
				A4BFFC1115F5D17C00EA5B00 /* main.m */,
				A4BFFC1315F5D17C00EA5B00 /* UImageCategory(Resources)Shell-Prefix.pch */,
			);
			name = "Supporting Files";
			sourceTree = "<group>";
		};
		A4BFFC2515F5D2DB00EA5B00 /* Classes */ = {
			isa = PBXGroup;
			children = (
				A4BFFC2A15F5D41B00EA5B00 /* UImage+Resources.h */,
				A4BFFC2B15F5D41B00EA5B00 /* UImage+Resources.m */,
			);
			path = Classes;
			sourceTree = "<group>";
		};
		A4BFFC2815F5D2DB00EA5B00 /* Resources */ = {
			isa = PBXGroup;
			children = (
				A4BFFC4115F5D5A700EA5B00 /* UIImage+ResoucesTemplate.h */,
				A4BFFC4215F5D5A700EA5B00 /* UIImage+ResoucesTemplate.m */,
				A4BFFC2D15F5D53D00EA5B00 /* ico_contacts.png */,
				A4BFFC2E15F5D53D00EA5B00 /* ico_contacts@2x.png */,
				A4BFFC2F15F5D53D00EA5B00 /* ico_favorites.png */,
				A4BFFC3015F5D53D00EA5B00 /* ico_favorites@2x.png */,
				A4BFFC3115F5D53D00EA5B00 /* ico_home.png */,
				A4BFFC3215F5D53D00EA5B00 /* ico_home@2x.png */,
				A4BFFC3315F5D53D00EA5B00 /* ico_inventory.png */,
				A4BFFC3415F5D53D00EA5B00 /* ico_inventory@2x.png */,
				A4BFFC3515F5D53D00EA5B00 /* ico_notes.png */,
				A4BFFC3615F5D53D00EA5B00 /* ico_notes@2x.png */,
			);
			path = Resources;
			sourceTree = "<group>";
		};
/* End PBXGroup section */

/* Begin PBXNativeTarget section */
		A4BFFC0015F5D17C00EA5B00 /* UImageCategory(Resources)Shell */ = {
			isa = PBXNativeTarget;
			buildConfigurationList = A4BFFC1915F5D17C00EA5B00 /* Build configuration list for PBXNativeTarget "UImageCategory(Resources)Shell" */;
			buildPhases = (
				A4BFFBFD15F5D17C00EA5B00 /* Sources */,
				A4BFFBFE15F5D17C00EA5B00 /* Frameworks */,
				A4BFFBFF15F5D17C00EA5B00 /* Resources */,
				A4BFFC2015F5D20900EA5B00 /* ShellScript */,
			);
			buildRules = (
			);
			dependencies = (
			);
			name = "UImageCategory(Resources)Shell";
			productName = "UImageCategory(Resources)Shell";
			productReference = A4BFFC0115F5D17C00EA5B00 /* UImageCategory(Resources)Shell.app */;
			productType = "com.apple.product-type.application";
		};
/* End PBXNativeTarget section */

/* Begin PBXProject section */
		A4BFFBF815F5D17C00EA5B00 /* Project object */ = {
			isa = PBXProject;
			attributes = {
				LastUpgradeCheck = 0440;
				ORGANIZATIONNAME = "Sergey Sergeev";
			};
			buildConfigurationList = A4BFFBFB15F5D17C00EA5B00 /* Build configuration list for PBXProject "UImageCategory(Resources)Shell" */;
			compatibilityVersion = "Xcode 3.2";
			developmentRegion = English;
			hasScannedForEncodings = 0;
			knownRegions = (
				en,
			);
			mainGroup = A4BFFBF615F5D17C00EA5B00;
			productRefGroup = A4BFFC0215F5D17C00EA5B00 /* Products */;
			projectDirPath = "";
			projectRoot = "";
			targets = (
				A4BFFC0015F5D17C00EA5B00 /* UImageCategory(Resources)Shell */,
			);
		};
/* End PBXProject section */

/* Begin PBXResourcesBuildPhase section */
		A4BFFBFF15F5D17C00EA5B00 /* Resources */ = {
			isa = PBXResourcesBuildPhase;
			buildActionMask = 2147483647;
			files = (
				A4BFFC1015F5D17C00EA5B00 /* InfoPlist.strings in Resources */,
				A4BFFC3715F5D53D00EA5B00 /* ico_contacts.png in Resources */,
				A4BFFC3815F5D53D00EA5B00 /* ico_contacts@2x.png in Resources */,
				A4BFFC3915F5D53D00EA5B00 /* ico_favorites.png in Resources */,
				A4BFFC3A15F5D53D00EA5B00 /* ico_favorites@2x.png in Resources */,
				A4BFFC3B15F5D53D00EA5B00 /* ico_home.png in Resources */,
				A4BFFC3C15F5D53D00EA5B00 /* ico_home@2x.png in Resources */,
				A4BFFC3D15F5D53D00EA5B00 /* ico_inventory.png in Resources */,
				A4BFFC3E15F5D53D00EA5B00 /* ico_inventory@2x.png in Resources */,
				A4BFFC3F15F5D53D00EA5B00 /* ico_notes.png in Resources */,
				A4BFFC4015F5D53D00EA5B00 /* ico_notes@2x.png in Resources */,
			);
			runOnlyForDeploymentPostprocessing = 0;
		};
/* End PBXResourcesBuildPhase section */

/* Begin PBXShellScriptBuildPhase section */
		A4BFFC2015F5D20900EA5B00 /* ShellScript */ = {
			isa = PBXShellScriptBuildPhase;
			buildActionMask = 2147483647;
			files = (
			);
			inputPaths = (
				"$(SRCROOT)/Resources/*.png",
				"$(SRCROOT)/Classes/*.m",
			);
			outputPaths = (
			);
			runOnlyForDeploymentPostprocessing = 0;
			shellPath = /bin/sh;
			shellScript = "RESOURCES_FOLDER=`dirname \"$SCRIPT_INPUT_FILE_0\"`\nCLASSES_FOLDER=`dirname \"$SCRIPT_INPUT_FILE_1\"`\n\nSOURCE_NAME=\"UIImage+ResoucesTemplate\"\nSOURCE_NAME_EXT=\"UImage+Resources\"\n\ntmp=\"$TEMP_FILES_DIR/compile-images-$$.tmp\"\ncd \"$RESOURCES_FOLDER\"\nfor image in *.png; do\nxxd -i \"$image\" >> $tmp.1\ndone\n\nTEMPLATE_M=`sed -n '/{%LOAD_TEMPLATE_M%}/,/{%LOAD_TEMPLATE_M END%}/ p' \"$RESOURCES_FOLDER/$SOURCE_NAME.m\" | sed '1 d;$ d'`\n\nfor image in *.png; do\nif echo \"$image\" | grep -q \"@2x\"; then continue; fi\nORIGINAL_FILENAME=\"$image\"\nSANITISED_FILENAME=`echo \"$ORIGINAL_FILENAME\" | sed 's/[^a-zA-Z0-9]/_/g'`\nSANITISED_2X_FILENAME=`echo \"$SANITISED_FILENAME\" | sed 's/_png/_2x_png/'`\necho \"$TEMPLATE_M\" | sed \"s/ORIGINAL_FILENAME/$ORIGINAL_FILENAME/g;s/SANITISED_FILENAME/$SANITISED_FILENAME/g;s/SANITISED_2X_FILENAME/$SANITISED_2X_FILENAME/g\" >> $tmp.2\ndone\n\nsed \"/{%IMAGELOADERS_M START%}/ r $tmp.2\n1,/{%IMAGELOADERS_M START%}/!{/{%IMAGELOADERS_M END%}/,/{%IMAGELOADERS_M START%]/! d;}\" \"$RESOURCES_FOLDER/$SOURCE_NAME.m\" > \"$CLASSES_FOLDER/$SOURCE_NAME_EXT.m\"\n    \n    rm \"$tmp.1\" \"$tmp.2\"\n    \n    tmp=\"$TEMP_FILES_DIR/compile-images-$$.tmp\"\n    cd \"$RESOURCES_FOLDER\"\n    for image in *.png; do\n    xxd -i \"$image\" >> $tmp.1\n    done\n    \n    TEMPLATE_H=`sed -n '/{%LOAD_TEMPLATE_H%}/,/{%LOAD_TEMPLATE_H END%}/ p' \"$RESOURCES_FOLDER/$SOURCE_NAME.h\" | sed '1 d;$ d'`\n    \n    for image in *.png; do\n    if echo \"$image\" | grep -q \"@2x\"; then continue; fi\n    ORIGINAL_FILENAME=\"$image\"\n    SANITISED_FILENAME=`echo \"$ORIGINAL_FILENAME\" | sed 's/[^a-zA-Z0-9]/_/g'`\n    SANITISED_2X_FILENAME=`echo \"$SANITISED_FILENAME\" | sed 's/_png/_2x_png/'`\n    echo \"$TEMPLATE_H\" | sed \"s/ORIGINAL_FILENAME/$ORIGINAL_FILENAME/g;s/SANITISED_FILENAME/$SANITISED_FILENAME/g;s/SANITISED_2X_FILENAME/$SANITISED_2X_FILENAME/g\" >> $tmp.2\n    done\n    \n    sed \"/{%IMAGELOADERS_H START%}/ r $tmp.2\n    1,/{%IMAGELOADERS_H START%}/!{/{%IMAGELOADERS_H END%}/,/{%IMAGELOADERS_H START%]/! d;}\" \"$RESOURCES_FOLDER/$SOURCE_NAME.h\" > \"$CLASSES_FOLDER/$SOURCE_NAME_EXT.h\"\n        \n        rm \"$tmp.1\" \"$tmp.2\"";
		};
/* End PBXShellScriptBuildPhase section */

/* Begin PBXSourcesBuildPhase section */
		A4BFFBFD15F5D17C00EA5B00 /* Sources */ = {
			isa = PBXSourcesBuildPhase;
			buildActionMask = 2147483647;
			files = (
				A4BFFC1215F5D17C00EA5B00 /* main.m in Sources */,
				A4BFFC1615F5D17C00EA5B00 /* AppDelegate.m in Sources */,
				A4BFFC2C15F5D41B00EA5B00 /* UImage+Resources.m in Sources */,
				A4BFFC4315F5D5A700EA5B00 /* UIImage+ResoucesTemplate.m in Sources */,
			);
			runOnlyForDeploymentPostprocessing = 0;
		};
/* End PBXSourcesBuildPhase section */

/* Begin PBXVariantGroup section */
		A4BFFC0E15F5D17C00EA5B00 /* InfoPlist.strings */ = {
			isa = PBXVariantGroup;
			children = (
				A4BFFC0F15F5D17C00EA5B00 /* en */,
			);
			name = InfoPlist.strings;
			sourceTree = "<group>";
		};
/* End PBXVariantGroup section */

/* Begin XCBuildConfiguration section */
		A4BFFC1715F5D17C00EA5B00 /* Debug */ = {
			isa = XCBuildConfiguration;
			buildSettings = {
				ALWAYS_SEARCH_USER_PATHS = NO;
				ARCHS = "$(ARCHS_STANDARD_32_BIT)";
				CLANG_CXX_LANGUAGE_STANDARD = "gnu++0x";
				CLANG_ENABLE_OBJC_ARC = YES;
				CLANG_WARN__DUPLICATE_METHOD_MATCH = YES;
				"CODE_SIGN_IDENTITY[sdk=iphoneos*]" = "iPhone Developer";
				COPY_PHASE_STRIP = NO;
				GCC_C_LANGUAGE_STANDARD = gnu99;
				GCC_DYNAMIC_NO_PIC = NO;
				GCC_OPTIMIZATION_LEVEL = 0;
				GCC_PREPROCESSOR_DEFINITIONS = (
					"DEBUG=1",
					"$(inherited)",
				);
				GCC_SYMBOLS_PRIVATE_EXTERN = NO;
				GCC_VERSION = com.apple.compilers.llvm.clang.1_0;
				GCC_WARN_ABOUT_RETURN_TYPE = YES;
				GCC_WARN_UNINITIALIZED_AUTOS = YES;
				GCC_WARN_UNUSED_VARIABLE = YES;
				IPHONEOS_DEPLOYMENT_TARGET = 5.1;
				SDKROOT = iphoneos;
			};
			name = Debug;
		};
		A4BFFC1815F5D17C00EA5B00 /* Release */ = {
			isa = XCBuildConfiguration;
			buildSettings = {
				ALWAYS_SEARCH_USER_PATHS = NO;
				ARCHS = "$(ARCHS_STANDARD_32_BIT)";
				CLANG_CXX_LANGUAGE_STANDARD = "gnu++0x";
				CLANG_ENABLE_OBJC_ARC = YES;
				CLANG_WARN__DUPLICATE_METHOD_MATCH = YES;
				"CODE_SIGN_IDENTITY[sdk=iphoneos*]" = "iPhone Developer";
				COPY_PHASE_STRIP = YES;
				GCC_C_LANGUAGE_STANDARD = gnu99;
				GCC_VERSION = com.apple.compilers.llvm.clang.1_0;
				GCC_WARN_ABOUT_RETURN_TYPE = YES;
				GCC_WARN_UNINITIALIZED_AUTOS = YES;
				GCC_WARN_UNUSED_VARIABLE = YES;
				IPHONEOS_DEPLOYMENT_TARGET = 5.1;
				OTHER_CFLAGS = "-DNS_BLOCK_ASSERTIONS=1";
				SDKROOT = iphoneos;
				VALIDATE_PRODUCT = YES;
			};
			name = Release;
		};
		A4BFFC1A15F5D17C00EA5B00 /* Debug */ = {
			isa = XCBuildConfiguration;
			buildSettings = {
				GCC_PRECOMPILE_PREFIX_HEADER = YES;
				GCC_PREFIX_HEADER = "UImageCategory(Resources)Shell/UImageCategory(Resources)Shell-Prefix.pch";
				INFOPLIST_FILE = "UImageCategory(Resources)Shell/UImageCategory(Resources)Shell-Info.plist";
				PRODUCT_NAME = "$(TARGET_NAME)";
				WRAPPER_EXTENSION = app;
			};
			name = Debug;
		};
		A4BFFC1B15F5D17C00EA5B00 /* Release */ = {
			isa = XCBuildConfiguration;
			buildSettings = {
				GCC_PRECOMPILE_PREFIX_HEADER = YES;
				GCC_PREFIX_HEADER = "UImageCategory(Resources)Shell/UImageCategory(Resources)Shell-Prefix.pch";
				INFOPLIST_FILE = "UImageCategory(Resources)Shell/UImageCategory(Resources)Shell-Info.plist";
				PRODUCT_NAME = "$(TARGET_NAME)";
				WRAPPER_EXTENSION = app;
			};
			name = Release;
		};
/* End XCBuildConfiguration section */

/* Begin XCConfigurationList section */
		A4BFFBFB15F5D17C00EA5B00 /* Build configuration list for PBXProject "UImageCategory(Resources)Shell" */ = {
			isa = XCConfigurationList;
			buildConfigurations = (
				A4BFFC1715F5D17C00EA5B00 /* Debug */,
				A4BFFC1815F5D17C00EA5B00 /* Release */,
			);
			defaultConfigurationIsVisible = 0;
			defaultConfigurationName = Release;
		};
		A4BFFC1915F5D17C00EA5B00 /* Build configuration list for PBXNativeTarget "UImageCategory(Resources)Shell" */ = {
			isa = XCConfigurationList;
			buildConfigurations = (
				A4BFFC1A15F5D17C00EA5B00 /* Debug */,
				A4BFFC1B15F5D17C00EA5B00 /* Release */,
			);
			defaultConfigurationIsVisible = 0;
		};
/* End XCConfigurationList section */
	};
	rootObject = A4BFFBF815F5D17C00EA5B00 /* Project object */;
}
